// !$*UTF8*$!
{
	archiveVersion = 1;
	classes = {
	};
	objectVersion = 46;
	objects = {

/* Begin PBXBuildFile section */
		C9EA77131FFBD02400E72466 /* main.m in Sources */ = {isa = PBXBuildFile; fileRef = C9EA77121FFBD02400E72466 /* main.m */; };
		C9EA77161FFBD02400E72466 /* AppDelegate.m in Sources */ = {isa = PBXBuildFile; fileRef = C9EA77151FFBD02400E72466 /* AppDelegate.m */; };
		C9EA77191FFBD02400E72466 /* ViewController.m in Sources */ = {isa = PBXBuildFile; fileRef = C9EA77181FFBD02400E72466 /* ViewController.m */; };
		C9EA771C1FFBD02400E72466 /* Main.storyboard in Resources */ = {isa = PBXBuildFile; fileRef = C9EA771A1FFBD02400E72466 /* Main.storyboard */; };
		C9EA771E1FFBD02400E72466 /* Assets.xcassets in Resources */ = {isa = PBXBuildFile; fileRef = C9EA771D1FFBD02400E72466 /* Assets.xcassets */; };
		C9EA77211FFBD02400E72466 /* LaunchScreen.storyboard in Resources */ = {isa = PBXBuildFile; fileRef = C9EA771F1FFBD02400E72466 /* LaunchScreen.storyboard */; };
		C9EA772C1FFBD02400E72466 /* _______Tests.m in Sources */ = {isa = PBXBuildFile; fileRef = C9EA772B1FFBD02400E72466 /* _______Tests.m */; };
		C9EA77371FFBD02400E72466 /* _______UITests.m in Sources */ = {isa = PBXBuildFile; fileRef = C9EA77361FFBD02400E72466 /* _______UITests.m */; };
		C9EA77461FFBD18500E72466 /* SecondViewController.m in Sources */ = {isa = PBXBuildFile; fileRef = C9EA77451FFBD18500E72466 /* SecondViewController.m */; };
/* End PBXBuildFile section */

/* Begin PBXContainerItemProxy section */
		C9EA77281FFBD02400E72466 /* PBXContainerItemProxy */ = {
			isa = PBXContainerItemProxy;
			containerPortal = C9EA77061FFBD02400E72466 /* Project object */;
			proxyType = 1;
			remoteGlobalIDString = C9EA770D1FFBD02400E72466;
			remoteInfo = "一定成功的传值";
		};
		C9EA77331FFBD02400E72466 /* PBXContainerItemProxy */ = {
			isa = PBXContainerItemProxy;
			containerPortal = C9EA77061FFBD02400E72466 /* Project object */;
			proxyType = 1;
			remoteGlobalIDString = C9EA770D1FFBD02400E72466;
			remoteInfo = "一定成功的传值";
		};
/* End PBXContainerItemProxy section */

/* Begin PBXFileReference section */
		C9EA770E1FFBD02400E72466 /* 一定成功的传值.app */ = {isa = PBXFileReference; explicitFileType = wrapper.application; includeInIndex = 0; path = "一定成功的传值.app"; sourceTree = BUILT_PRODUCTS_DIR; };
		C9EA77121FFBD02400E72466 /* main.m */ = {isa = PBXFileReference; lastKnownFileType = sourcecode.c.objc; path = main.m; sourceTree = "<group>"; };
		C9EA77141FFBD02400E72466 /* AppDelegate.h */ = {isa = PBXFileReference; lastKnownFileType = sourcecode.c.h; path = AppDelegate.h; sourceTree = "<group>"; };
		C9EA77151FFBD02400E72466 /* AppDelegate.m */ = {isa = PBXFileReference; lastKnownFileType = sourcecode.c.objc; path = AppDelegate.m; sourceTree = "<group>"; };
		C9EA77171FFBD02400E72466 /* ViewController.h */ = {isa = PBXFileReference; lastKnownFileType = sourcecode.c.h; path = ViewController.h; sourceTree = "<group>"; };
		C9EA77181FFBD02400E72466 /* ViewController.m */ = {isa = PBXFileReference; lastKnownFileType = sourcecode.c.objc; path = ViewController.m; sourceTree = "<group>"; };
		C9EA771B1FFBD02400E72466 /* Base */ = {isa = PBXFileReference; lastKnownFileType = file.storyboard; name = Base; path = Base.lproj/Main.storyboard; sourceTree = "<group>"; };
		C9EA771D1FFBD02400E72466 /* Assets.xcassets */ = {isa = PBXFileReference; lastKnownFileType = folder.assetcatalog; path = Assets.xcassets; sourceTree = "<group>"; };
		C9EA77201FFBD02400E72466 /* Base */ = {isa = PBXFileReference; lastKnownFileType = file.storyboard; name = Base; path = Base.lproj/LaunchScreen.storyboard; sourceTree = "<group>"; };
		C9EA77221FFBD02400E72466 /* Info.plist */ = {isa = PBXFileReference; lastKnownFileType = text.plist.xml; path = Info.plist; sourceTree = "<group>"; };
		C9EA77271FFBD02400E72466 /* 一定成功的传值Tests.xctest */ = {isa = PBXFileReference; explicitFileType = wrapper.cfbundle; includeInIndex = 0; path = "一定成功的传值Tests.xctest"; sourceTree = BUILT_PRODUCTS_DIR; };
		C9EA772B1FFBD02400E72466 /* _______Tests.m */ = {isa = PBXFileReference; lastKnownFileType = sourcecode.c.objc; path = "_______Tests.m"; sourceTree = "<group>"; };
		C9EA772D1FFBD02400E72466 /* Info.plist */ = {isa = PBXFileReference; lastKnownFileType = text.plist.xml; path = Info.plist; sourceTree = "<group>"; };
		C9EA77321FFBD02400E72466 /* 一定成功的传值UITests.xctest */ = {isa = PBXFileReference; explicitFileType = wrapper.cfbundle; includeInIndex = 0; path = "一定成功的传值UITests.xctest"; sourceTree = BUILT_PRODUCTS_DIR; };
		C9EA77361FFBD02400E72466 /* _______UITests.m */ = {isa = PBXFileReference; lastKnownFileType = sourcecode.c.objc; path = "_______UITests.m"; sourceTree = "<group>"; };
		C9EA77381FFBD02400E72466 /* Info.plist */ = {isa = PBXFileReference; lastKnownFileType = text.plist.xml; path = Info.plist; sourceTree = "<group>"; };
		C9EA77441FFBD18500E72466 /* SecondViewController.h */ = {isa = PBXFileReference; fileEncoding = 4; lastKnownFileType = sourcecode.c.h; path = SecondViewController.h; sourceTree = "<group>"; };
		C9EA77451FFBD18500E72466 /* SecondViewController.m */ = {isa = PBXFileReference; fileEncoding = 4; lastKnownFileType = sourcecode.c.objc; path = SecondViewController.m; sourceTree = "<group>"; };
/* End PBXFileReference section */

/* Begin PBXFrameworksBuildPhase section */
		C9EA770B1FFBD02400E72466 /* Frameworks */ = {
			isa = PBXFrameworksBuildPhase;
			buildActionMask = 2147483647;
			files = (
			);
			runOnlyForDeploymentPostprocessing = 0;
		};
		C9EA77241FFBD02400E72466 /* Frameworks */ = {
			isa = PBXFrameworksBuildPhase;
			buildActionMask = 2147483647;
			files = (
			);
			runOnlyForDeploymentPostprocessing = 0;
		};
		C9EA772F1FFBD02400E72466 /* Frameworks */ = {
			isa = PBXFrameworksBuildPhase;
			buildActionMask = 2147483647;
			files = (
			);
			runOnlyForDeploymentPostprocessing = 0;
		};
/* End PBXFrameworksBuildPhase section */

/* Begin PBXGroup section */
		C9EA77051FFBD02400E72466 = {
			isa = PBXGroup;
			children = (
				C9EA77101FFBD02400E72466 /* 一定成功的传值 */,
				C9EA772A1FFBD02400E72466 /* 一定成功的传值Tests */,
				C9EA77351FFBD02400E72466 /* 一定成功的传值UITests */,
				C9EA770F1FFBD02400E72466 /* Products */,
			);
			sourceTree = "<group>";
		};
		C9EA770F1FFBD02400E72466 /* Products */ = {
			isa = PBXGroup;
			children = (
				C9EA770E1FFBD02400E72466 /* 一定成功的传值.app */,
				C9EA77271FFBD02400E72466 /* 一定成功的传值Tests.xctest */,
				C9EA77321FFBD02400E72466 /* 一定成功的传值UITests.xctest */,
			);
			name = Products;
			sourceTree = "<group>";
		};
		C9EA77101FFBD02400E72466 /* 一定成功的传值 */ = {
			isa = PBXGroup;
			children = (
				C9EA77141FFBD02400E72466 /* AppDelegate.h */,
				C9EA77151FFBD02400E72466 /* AppDelegate.m */,
				C9EA77171FFBD02400E72466 /* ViewController.h */,
				C9EA77181FFBD02400E72466 /* ViewController.m */,
				C9EA77441FFBD18500E72466 /* SecondViewController.h */,
				C9EA77451FFBD18500E72466 /* SecondViewController.m */,
				C9EA771A1FFBD02400E72466 /* Main.storyboard */,
				C9EA771D1FFBD02400E72466 /* Assets.xcassets */,
				C9EA771F1FFBD02400E72466 /* LaunchScreen.storyboard */,
				C9EA77221FFBD02400E72466 /* Info.plist */,
				C9EA77111FFBD02400E72466 /* Supporting Files */,
			);
			path = "一定成功的传值";
			sourceTree = "<group>";
		};
		C9EA77111FFBD02400E72466 /* Supporting Files */ = {
			isa = PBXGroup;
			children = (
				C9EA77121FFBD02400E72466 /* main.m */,
			);
			name = "Supporting Files";
			sourceTree = "<group>";
		};
		C9EA772A1FFBD02400E72466 /* 一定成功的传值Tests */ = {
			isa = PBXGroup;
			children = (
				C9EA772B1FFBD02400E72466 /* _______Tests.m */,
				C9EA772D1FFBD02400E72466 /* Info.plist */,
			);
			path = "一定成功的传值Tests";
			sourceTree = "<group>";
		};
		C9EA77351FFBD02400E72466 /* 一定成功的传值UITests */ = {
			isa = PBXGroup;
			children = (
				C9EA77361FFBD02400E72466 /* _______UITests.m */,
				C9EA77381FFBD02400E72466 /* Info.plist */,
			);
			path = "一定成功的传值UITests";
			sourceTree = "<group>";
		};
/* End PBXGroup section */

/* Begin PBXNativeTarget section */
		C9EA770D1FFBD02400E72466 /* 一定成功的传值 */ = {
			isa = PBXNativeTarget;
			buildConfigurationList = C9EA773B1FFBD02400E72466 /* Build configuration list for PBXNativeTarget "一定成功的传值" */;
			buildPhases = (
				C9EA770A1FFBD02400E72466 /* Sources */,
				C9EA770B1FFBD02400E72466 /* Frameworks */,
				C9EA770C1FFBD02400E72466 /* Resources */,
			);
			buildRules = (
			);
			dependencies = (
			);
			name = "一定成功的传值";
			productName = "一定成功的传值";
			productReference = C9EA770E1FFBD02400E72466 /* 一定成功的传值.app */;
			productType = "com.apple.product-type.application";
		};
		C9EA77261FFBD02400E72466 /* 一定成功的传值Tests */ = {
			isa = PBXNativeTarget;
			buildConfigurationList = C9EA773E1FFBD02400E72466 /* Build configuration list for PBXNativeTarget "一定成功的传值Tests" */;
			buildPhases = (
				C9EA77231FFBD02400E72466 /* Sources */,
				C9EA77241FFBD02400E72466 /* Frameworks */,
				C9EA77251FFBD02400E72466 /* Resources */,
			);
			buildRules = (
			);
			dependencies = (
				C9EA77291FFBD02400E72466 /* PBXTargetDependency */,
			);
			name = "一定成功的传值Tests";
			productName = "一定成功的传值Tests";
			productReference = C9EA77271FFBD02400E72466 /* 一定成功的传值Tests.xctest */;
			productType = "com.apple.product-type.bundle.unit-test";
		};
		C9EA77311FFBD02400E72466 /* 一定成功的传值UITests */ = {
			isa = PBXNativeTarget;
			buildConfigurationList = C9EA77411FFBD02400E72466 /* Build configuration list for PBXNativeTarget "一定成功的传值UITests" */;
			buildPhases = (
				C9EA772E1FFBD02400E72466 /* Sources */,
				C9EA772F1FFBD02400E72466 /* Frameworks */,
				C9EA77301FFBD02400E72466 /* Resources */,
			);
			buildRules = (
			);
			dependencies = (
				C9EA77341FFBD02400E72466 /* PBXTargetDependency */,
			);
			name = "一定成功的传值UITests";
			productName = "一定成功的传值UITests";
			productReference = C9EA77321FFBD02400E72466 /* 一定成功的传值UITests.xctest */;
			productType = "com.apple.product-type.bundle.ui-testing";
		};
/* End PBXNativeTarget section */

/* Begin PBXProject section */
		C9EA77061FFBD02400E72466 /* Project object */ = {
			isa = PBXProject;
			attributes = {
				LastUpgradeCheck = 0820;
				ORGANIZATIONNAME = "习家强";
				TargetAttributes = {
					C9EA770D1FFBD02400E72466 = {
						CreatedOnToolsVersion = 8.2.1;
						ProvisioningStyle = Automatic;
					};
					C9EA77261FFBD02400E72466 = {
						CreatedOnToolsVersion = 8.2.1;
						ProvisioningStyle = Automatic;
						TestTargetID = C9EA770D1FFBD02400E72466;
					};
					C9EA77311FFBD02400E72466 = {
						CreatedOnToolsVersion = 8.2.1;
						ProvisioningStyle = Automatic;
						TestTargetID = C9EA770D1FFBD02400E72466;
					};
				};
			};
			buildConfigurationList = C9EA77091FFBD02400E72466 /* Build configuration list for PBXProject "一定成功的传值" */;
			compatibilityVersion = "Xcode 3.2";
			developmentRegion = English;
			hasScannedForEncodings = 0;
			knownRegions = (
				en,
				Base,
			);
			mainGroup = C9EA77051FFBD02400E72466;
			productRefGroup = C9EA770F1FFBD02400E72466 /* Products */;
			projectDirPath = "";
			projectRoot = "";
			targets = (
				C9EA770D1FFBD02400E72466 /* 一定成功的传值 */,
				C9EA77261FFBD02400E72466 /* 一定成功的传值Tests */,
				C9EA77311FFBD02400E72466 /* 一定成功的传值UITests */,
			);
		};
/* End PBXProject section */

/* Begin PBXResourcesBuildPhase section */
		C9EA770C1FFBD02400E72466 /* Resources */ = {
			isa = PBXResourcesBuildPhase;
			buildActionMask = 2147483647;
			files = (
				C9EA77211FFBD02400E72466 /* LaunchScreen.storyboard in Resources */,
				C9EA771E1FFBD02400E72466 /* Assets.xcassets in Resources */,
				C9EA771C1FFBD02400E72466 /* Main.storyboard in Resources */,
			);
			runOnlyForDeploymentPostprocessing = 0;
		};
		C9EA77251FFBD02400E72466 /* Resources */ = {
			isa = PBXResourcesBuildPhase;
			buildActionMask = 2147483647;
			files = (
			);
			runOnlyForDeploymentPostprocessing = 0;
		};
		C9EA77301FFBD02400E72466 /* Resources */ = {
			isa = PBXResourcesBuildPhase;
			buildActionMask = 2147483647;
			files = (
			);
			runOnlyForDeploymentPostprocessing = 0;
		};
/* End PBXResourcesBuildPhase section */

/* Begin PBXSourcesBuildPhase section */
		C9EA770A1FFBD02400E72466 /* Sources */ = {
			isa = PBXSourcesBuildPhase;
			buildActionMask = 2147483647;
			files = (
				C9EA77461FFBD18500E72466 /* SecondViewController.m in Sources */,
				C9EA77191FFBD02400E72466 /* ViewController.m in Sources */,
				C9EA77161FFBD02400E72466 /* AppDelegate.m in Sources */,
				C9EA77131FFBD02400E72466 /* main.m in Sources */,
			);
			runOnlyForDeploymentPostprocessing = 0;
		};
		C9EA77231FFBD02400E72466 /* Sources */ = {
			isa = PBXSourcesBuildPhase;
			buildActionMask = 2147483647;
			files = (
				C9EA772C1FFBD02400E72466 /* _______Tests.m in Sources */,
			);
			runOnlyForDeploymentPostprocessing = 0;
		};
		C9EA772E1FFBD02400E72466 /* Sources */ = {
			isa = PBXSourcesBuildPhase;
			buildActionMask = 2147483647;
			files = (
				C9EA77371FFBD02400E72466 /* _______UITests.m in Sources */,
			);
			runOnlyForDeploymentPostprocessing = 0;
		};
/* End PBXSourcesBuildPhase section */

/* Begin PBXTargetDependency section */
		C9EA77291FFBD02400E72466 /* PBXTargetDependency */ = {
			isa = PBXTargetDependency;
			target = C9EA770D1FFBD02400E72466 /* 一定成功的传值 */;
			targetProxy = C9EA77281FFBD02400E72466 /* PBXContainerItemProxy */;
		};
		C9EA77341FFBD02400E72466 /* PBXTargetDependency */ = {
			isa = PBXTargetDependency;
			target = C9EA770D1FFBD02400E72466 /* 一定成功的传值 */;
			targetProxy = C9EA77331FFBD02400E72466 /* PBXContainerItemProxy */;
		};
/* End PBXTargetDependency section */

/* Begin PBXVariantGroup section */
		C9EA771A1FFBD02400E72466 /* Main.storyboard */ = {
			isa = PBXVariantGroup;
			children = (
				C9EA771B1FFBD02400E72466 /* Base */,
			);
			name = Main.storyboard;
			sourceTree = "<group>";
		};
		C9EA771F1FFBD02400E72466 /* LaunchScreen.storyboard */ = {
			isa = PBXVariantGroup;
			children = (
				C9EA77201FFBD02400E72466 /* Base */,
			);
			name = LaunchScreen.storyboard;
			sourceTree = "<group>";
		};
/* End PBXVariantGroup section */

/* Begin XCBuildConfiguration section */
		C9EA77391FFBD02400E72466 /* Debug */ = {
			isa = XCBuildConfiguration;
			buildSettings = {
				ALWAYS_SEARCH_USER_PATHS = NO;
				CLANG_ANALYZER_NONNULL = YES;
				CLANG_CXX_LANGUAGE_STANDARD = "gnu++0x";
				CLANG_CXX_LIBRARY = "libc++";
				CLANG_ENABLE_MODULES = YES;
				CLANG_ENABLE_OBJC_ARC = YES;
				CLANG_WARN_BOOL_CONVERSION = YES;
				CLANG_WARN_CONSTANT_CONVERSION = YES;
				CLANG_WARN_DIRECT_OBJC_ISA_USAGE = YES_ERROR;
				CLANG_WARN_DOCUMENTATION_COMMENTS = YES;
				CLANG_WARN_EMPTY_BODY = YES;
				CLANG_WARN_ENUM_CONVERSION = YES;
				CLANG_WARN_INFINITE_RECURSION = YES;
				CLANG_WARN_INT_CONVERSION = YES;
				CLANG_WARN_OBJC_ROOT_CLASS = YES_ERROR;
				CLANG_WARN_SUSPICIOUS_MOVE = YES;
				CLANG_WARN_UNREACHABLE_CODE = YES;
				CLANG_WARN__DUPLICATE_METHOD_MATCH = YES;
				"CODE_SIGN_IDENTITY[sdk=iphoneos*]" = "iPhone Developer";
				COPY_PHASE_STRIP = NO;
				DEBUG_INFORMATION_FORMAT = dwarf;
				ENABLE_STRICT_OBJC_MSGSEND = YES;
				ENABLE_TESTABILITY = YES;
				GCC_C_LANGUAGE_STANDARD = gnu99;
				GCC_DYNAMIC_NO_PIC = NO;
				GCC_NO_COMMON_BLOCKS = YES;
				GCC_OPTIMIZATION_LEVEL = 0;
				GCC_PREPROCESSOR_DEFINITIONS = (
					"DEBUG=1",
					"$(inherited)",
				);
				GCC_WARN_64_TO_32_BIT_CONVERSION = YES;
				GCC_WARN_ABOUT_RETURN_TYPE = YES_ERROR;
				GCC_WARN_UNDECLARED_SELECTOR = YES;
				GCC_WARN_UNINITIALIZED_AUTOS = YES_AGGRESSIVE;
				GCC_WARN_UNUSED_FUNCTION = YES;
				GCC_WARN_UNUSED_VARIABLE = YES;
				IPHONEOS_DEPLOYMENT_TARGET = 10.2;
				MTL_ENABLE_DEBUG_INFO = YES;
				ONLY_ACTIVE_ARCH = YES;
				SDKROOT = iphoneos;
				TARGETED_DEVICE_FAMILY = "1,2";
			};
			name = Debug;
		};
		C9EA773A1FFBD02400E72466 /* Release */ = {
			isa = XCBuildConfiguration;
			buildSettings = {
				ALWAYS_SEARCH_USER_PATHS = NO;
				CLANG_ANALYZER_NONNULL = YES;
				CLANG_CXX_LANGUAGE_STANDARD = "gnu++0x";
				CLANG_CXX_LIBRARY = "libc++";
				CLANG_ENABLE_MODULES = YES;
				CLANG_ENABLE_OBJC_ARC = YES;
				CLANG_WARN_BOOL_CONVERSION = YES;
				CLANG_WARN_CONSTANT_CONVERSION = YES;
				CLANG_WARN_DIRECT_OBJC_ISA_USAGE = YES_ERROR;
				CLANG_WARN_DOCUMENTATION_COMMENTS = YES;
				CLANG_WARN_EMPTY_BODY = YES;
				CLANG_WARN_ENUM_CONVERSION = YES;
				CLANG_WARN_INFINITE_RECURSION = YES;
				CLANG_WARN_INT_CONVERSION = YES;
				CLANG_WARN_OBJC_ROOT_CLASS = YES_ERROR;
				CLANG_WARN_SUSPICIOUS_MOVE = YES;
				CLANG_WARN_UNREACHABLE_CODE = YES;
				CLANG_WARN__DUPLICATE_METHOD_MATCH = YES;
				"CODE_SIGN_IDENTITY[sdk=iphoneos*]" = "iPhone Developer";
				COPY_PHASE_STRIP = NO;
				DEBUG_INFORMATION_FORMAT = "dwarf-with-dsym";
				ENABLE_NS_ASSERTIONS = NO;
				ENABLE_STRICT_OBJC_MSGSEND = YES;
				GCC_C_LANGUAGE_STANDARD = gnu99;
				GCC_NO_COMMON_BLOCKS = YES;
				GCC_WARN_64_TO_32_BIT_CONVERSION = YES;
				GCC_WARN_ABOUT_RETURN_TYPE = YES_ERROR;
				GCC_WARN_UNDECLARED_SELECTOR = YES;
				GCC_WARN_UNINITIALIZED_AUTOS = YES_AGGRESSIVE;
				GCC_WARN_UNUSED_FUNCTION = YES;
				GCC_WARN_UNUSED_VARIABLE = YES;
				IPHONEOS_DEPLOYMENT_TARGET = 10.2;
				MTL_ENABLE_DEBUG_INFO = NO;
				SDKROOT = iphoneos;
				TARGETED_DEVICE_FAMILY = "1,2";
				VALIDATE_PRODUCT = YES;
			};
			name = Release;
		};
		C9EA773C1FFBD02400E72466 /* Debug */ = {
			isa = XCBuildConfiguration;
			buildSettings = {
				ASSETCATALOG_COMPILER_APPICON_NAME = AppIcon;
				INFOPLIST_FILE = "一定成功的传值/Info.plist";
				LD_RUNPATH_SEARCH_PATHS = "$(inherited) @executable_path/Frameworks";
				PRODUCT_BUNDLE_IDENTIFIER = "xxx.-------";
				PRODUCT_NAME = "$(TARGET_NAME)";
			};
			name = Debug;
		};
		C9EA773D1FFBD02400E72466 /* Release */ = {
			isa = XCBuildConfiguration;
			buildSettings = {
				ASSETCATALOG_COMPILER_APPICON_NAME = AppIcon;
				INFOPLIST_FILE = "一定成功的传值/Info.plist";
				LD_RUNPATH_SEARCH_PATHS = "$(inherited) @executable_path/Frameworks";
				PRODUCT_BUNDLE_IDENTIFIER = "xxx.-------";
				PRODUCT_NAME = "$(TARGET_NAME)";
			};
			name = Release;
		};
		C9EA773F1FFBD02400E72466 /* Debug */ = {
			isa = XCBuildConfiguration;
			buildSettings = {
				BUNDLE_LOADER = "$(TEST_HOST)";
				INFOPLIST_FILE = "一定成功的传值Tests/Info.plist";
				LD_RUNPATH_SEARCH_PATHS = "$(inherited) @executable_path/Frameworks @loader_path/Frameworks";
				PRODUCT_BUNDLE_IDENTIFIER = "xxx.-------Tests";
				PRODUCT_NAME = "$(TARGET_NAME)";
				TEST_HOST = "$(BUILT_PRODUCTS_DIR)/一定成功的传值.app/一定成功的传值";
			};
			name = Debug;
		};
		C9EA77401FFBD02400E72466 /* Release */ = {
			isa = XCBuildConfiguration;
			buildSettings = {
				BUNDLE_LOADER = "$(TEST_HOST)";
				INFOPLIST_FILE = "一定成功的传值Tests/Info.plist";
				LD_RUNPATH_SEARCH_PATHS = "$(inherited) @executable_path/Frameworks @loader_path/Frameworks";
				PRODUCT_BUNDLE_IDENTIFIER = "xxx.-------Tests";
				PRODUCT_NAME = "$(TARGET_NAME)";
				TEST_HOST = "$(BUILT_PRODUCTS_DIR)/一定成功的传值.app/一定成功的传值";
			};
			name = Release;
		};
		C9EA77421FFBD02400E72466 /* Debug */ = {
			isa = XCBuildConfiguration;
			buildSettings = {
				INFOPLIST_FILE = "一定成功的传值UITests/Info.plist";
				LD_RUNPATH_SEARCH_PATHS = "$(inherited) @executable_path/Frameworks @loader_path/Frameworks";
				PRODUCT_BUNDLE_IDENTIFIER = "xxx.-------UITests";
				PRODUCT_NAME = "$(TARGET_NAME)";
				TEST_TARGET_NAME = "一定成功的传值";
			};
			name = Debug;
		};
		C9EA77431FFBD02400E72466 /* Release */ = {
			isa = XCBuildConfiguration;
			buildSettings = {
				INFOPLIST_FILE = "一定成功的传值UITests/Info.plist";
				LD_RUNPATH_SEARCH_PATHS = "$(inherited) @executable_path/Frameworks @loader_path/Frameworks";
				PRODUCT_BUNDLE_IDENTIFIER = "xxx.-------UITests";
				PRODUCT_NAME = "$(TARGET_NAME)";
				TEST_TARGET_NAME = "一定成功的传值";
			};
			name = Release;
		};
/* End XCBuildConfiguration section */

/* Begin XCConfigurationList section */
		C9EA77091FFBD02400E72466 /* Build configuration list for PBXProject "一定成功的传值" */ = {
			isa = XCConfigurationList;
			buildConfigurations = (
				C9EA77391FFBD02400E72466 /* Debug */,
				C9EA773A1FFBD02400E72466 /* Release */,
			);
			defaultConfigurationIsVisible = 0;
			defaultConfigurationName = Release;
		};
		C9EA773B1FFBD02400E72466 /* Build configuration list for PBXNativeTarget "一定成功的传值" */ = {
			isa = XCConfigurationList;
			buildConfigurations = (
				C9EA773C1FFBD02400E72466 /* Debug */,
				C9EA773D1FFBD02400E72466 /* Release */,
			);
			defaultConfigurationIsVisible = 0;
		};
		C9EA773E1FFBD02400E72466 /* Build configuration list for PBXNativeTarget "一定成功的传值Tests" */ = {
			isa = XCConfigurationList;
			buildConfigurations = (
				C9EA773F1FFBD02400E72466 /* Debug */,
				C9EA77401FFBD02400E72466 /* Release */,
			);
			defaultConfigurationIsVisible = 0;
		};
		C9EA77411FFBD02400E72466 /* Build configuration list for PBXNativeTarget "一定成功的传值UITests" */ = {
			isa = XCConfigurationList;
			buildConfigurations = (
				C9EA77421FFBD02400E72466 /* Debug */,
				C9EA77431FFBD02400E72466 /* Release */,
			);
			defaultConfigurationIsVisible = 0;
		};
/* End XCConfigurationList section */
	};
	rootObject = C9EA77061FFBD02400E72466 /* Project object */;
}
